
Microsoft Visual Studio Solution File, Format Version 12.00
# Visual Studio Version 17
VisualStudioVersion = 17.1.32210.238
MinimumVisualStudioVersion = 10.0.40219.1
Project("{9A19103F-16F7-4668-BE54-9A1E7A4F7556}") = "Api", "Api\Api.csproj", "{F8D171D8-7121-4BEA-A2D1-3513B77D6621}"
EndProject
Project("{9A19103F-16F7-4668-BE54-9A1E7A4F7556}") = "UnitTests", "UnitTests\UnitTests.csproj", "{73D266B3-A09D-4397-B20B-3C5485023803}"
EndProject
Global
	GlobalSection(SolutionConfigurationPlatforms) = preSolution
		Debug|Any CPU = Debug|Any CPU
		Release|Any CPU = Release|Any CPU
	EndGlobalSection
	GlobalSection(ProjectConfigurationPlatforms) = postSolution
		{F8D171D8-7121-4BEA-A2D1-3513B77D6621}.Debug|Any CPU.ActiveCfg = Debug|Any CPU
		{F8D171D8-7121-4BEA-A2D1-3513B77D6621}.Debug|Any CPU.Build.0 = Debug|Any CPU
		{F8D171D8-7121-4BEA-A2D1-3513B77D6621}.Release|Any CPU.ActiveCfg = Release|Any CPU
		{F8D171D8-7121-4BEA-A2D1-3513B77D6621}.Release|Any CPU.Build.0 = Release|Any CPU
		{73D266B3-A09D-4397-B20B-3C5485023803}.Debug|Any CPU.ActiveCfg = Debug|Any CPU
		{73D266B3-A09D-4397-B20B-3C5485023803}.Debug|Any CPU.Build.0 = Debug|Any CPU
		{73D266B3-A09D-4397-B20B-3C5485023803}.Release|Any CPU.ActiveCfg = Release|Any CPU
		{73D266B3-A09D-4397-B20B-3C5485023803}.Release|Any CPU.Build.0 = Release|Any CPU
	EndGlobalSection
	GlobalSection(SolutionProperties) = preSolution
		HideSolutionNode = FALSE
	EndGlobalSection
	GlobalSection(ExtensibilityGlobals) = postSolution
		SolutionGuid = {02C59586-DD91-44FB-B97F-624AEAE83389}
	EndGlobalSection
EndGlobal
